
Microsoft Visual Studio Solution File, Format Version 12.00
# Visual Studio 15
VisualStudioVersion = 15.0.28307.852
MinimumVisualStudioVersion = 10.0.40219.1
Project("{FAE04EC0-301F-11D3-BF4B-00C04F79EFBC}") = "CPShopee", "CPShopee\CPShopee.csproj", "{7AF935EE-7FA5-42D2-B866-B38FA3A040AC}"
EndProject
Global
	GlobalSection(SolutionConfigurationPlatforms) = preSolution
		Debug|Any CPU = Debug|Any CPU
		Release|Any CPU = Release|Any CPU
	EndGlobalSection
	GlobalSection(ProjectConfigurationPlatforms) = postSolution
		{7AF935EE-7FA5-42D2-B866-B38FA3A040AC}.Debug|Any CPU.ActiveCfg = Debug|Any CPU
		{7AF935EE-7FA5-42D2-B866-B38FA3A040AC}.Debug|Any CPU.Build.0 = Debug|Any CPU
		{7AF935EE-7FA5-42D2-B866-B38FA3A040AC}.Release|Any CPU.ActiveCfg = Release|Any CPU
		{7AF935EE-7FA5-42D2-B866-B38FA3A040AC}.Release|Any CPU.Build.0 = Release|Any CPU
	EndGlobalSection
	GlobalSection(SolutionProperties) = preSolution
		HideSolutionNode = FALSE
	EndGlobalSection
	GlobalSection(ExtensibilityGlobals) = postSolution
		SolutionGuid = {AD233FFE-3092-4A82-A5A7-7E5AC70E6924}
	EndGlobalSection
EndGlobal
